
Microsoft Visual Studio Solution File, Format Version 12.00
# Visual Studio 15
Project("{FAE04EC0-301F-11D3-BF4B-00C04F79EFBC}") = "Assembly-CSharp", "Assembly-CSharp.csproj", "{67FCC7F4-069D-61EB-B026-48D55FBF448C}"
EndProject
Project("{FAE04EC0-301F-11D3-BF4B-00C04F79EFBC}") = "Assembly-CSharp-Editor", "Assembly-CSharp-Editor.csproj", "{4D8B009B-FE1F-5CAE-B07F-215A7AE27156}"
EndProject
Global
	GlobalSection(SolutionConfigurationPlatforms) = preSolution
		Debug|Any CPU = Debug|Any CPU
		Release|Any CPU = Release|Any CPU
	EndGlobalSection
	GlobalSection(ProjectConfigurationPlatforms) = postSolution
		{67FCC7F4-069D-61EB-B026-48D55FBF448C}.Debug|Any CPU.ActiveCfg = Debug|Any CPU
		{67FCC7F4-069D-61EB-B026-48D55FBF448C}.Debug|Any CPU.Build.0 = Debug|Any CPU
		{67FCC7F4-069D-61EB-B026-48D55FBF448C}.Release|Any CPU.ActiveCfg = Release|Any CPU
		{67FCC7F4-069D-61EB-B026-48D55FBF448C}.Release|Any CPU.Build.0 = Release|Any CPU
		{4D8B009B-FE1F-5CAE-B07F-215A7AE27156}.Debug|Any CPU.ActiveCfg = Debug|Any CPU
		{4D8B009B-FE1F-5CAE-B07F-215A7AE27156}.Debug|Any CPU.Build.0 = Debug|Any CPU
		{4D8B009B-FE1F-5CAE-B07F-215A7AE27156}.Release|Any CPU.ActiveCfg = Release|Any CPU
		{4D8B009B-FE1F-5CAE-B07F-215A7AE27156}.Release|Any CPU.Build.0 = Release|Any CPU
	EndGlobalSection
	GlobalSection(SolutionProperties) = preSolution
		HideSolutionNode = FALSE
	EndGlobalSection
EndGlobal
